
Microsoft Visual Studio Solution File, Format Version 12.00
# Visual Studio Version 16
VisualStudioVersion = 16.0.30717.126
MinimumVisualStudioVersion = 10.0.40219.1
Project("{FAE04EC0-301F-11D3-BF4B-00C04F79EFBC}") = "bank-project", "bank-project\bank-project.csproj", "{C7CCB3F2-9B90-433E-B669-A8D91ADA1E66}"
EndProject
Global
	GlobalSection(SolutionConfigurationPlatforms) = preSolution
		Debug|Any CPU = Debug|Any CPU
		Release|Any CPU = Release|Any CPU
	EndGlobalSection
	GlobalSection(ProjectConfigurationPlatforms) = postSolution
		{C7CCB3F2-9B90-433E-B669-A8D91ADA1E66}.Debug|Any CPU.ActiveCfg = Debug|Any CPU
		{C7CCB3F2-9B90-433E-B669-A8D91ADA1E66}.Debug|Any CPU.Build.0 = Debug|Any CPU
		{C7CCB3F2-9B90-433E-B669-A8D91ADA1E66}.Release|Any CPU.ActiveCfg = Release|Any CPU
		{C7CCB3F2-9B90-433E-B669-A8D91ADA1E66}.Release|Any CPU.Build.0 = Release|Any CPU
	EndGlobalSection
	GlobalSection(SolutionProperties) = preSolution
		HideSolutionNode = FALSE
	EndGlobalSection
	GlobalSection(ExtensibilityGlobals) = postSolution
		SolutionGuid = {ECA8F360-4962-46E9-BEDB-FC89BA4F4AB2}
	EndGlobalSection
EndGlobal
